// !$*UTF8*$!
{
	archiveVersion = 1;
	classes = {
	};
	objectVersion = 56;
	objects = {

/* Begin PBXBuildFile section */
		7CA945DD65536D1CB1DE530F /* Pods_CheckIn.framework in Frameworks */ = {isa = PBXBuildFile; fileRef = 353A11765E8D0669C2A586EE /* Pods_CheckIn.framework */; };
		FC0E39912B0BFDD9003C88DA /* Abhyasi.swift in Sources */ = {isa = PBXBuildFile; fileRef = FC0E39902B0BFDD9003C88DA /* Abhyasi.swift */; };
		FC31470A2AB4B68100A27646 /* AppDelegate.swift in Sources */ = {isa = PBXBuildFile; fileRef = FC3147092AB4B68100A27646 /* AppDelegate.swift */; };
		FC31470C2AB4B68100A27646 /* SceneDelegate.swift in Sources */ = {isa = PBXBuildFile; fileRef = FC31470B2AB4B68100A27646 /* SceneDelegate.swift */; };
		FC3147112AB4B68100A27646 /* Main.storyboard in Resources */ = {isa = PBXBuildFile; fileRef = FC31470F2AB4B68100A27646 /* Main.storyboard */; };
		FC3147132AB4B68100A27646 /* Assets.xcassets in Resources */ = {isa = PBXBuildFile; fileRef = FC3147122AB4B68100A27646 /* Assets.xcassets */; };
		FC3147162AB4B68100A27646 /* LaunchScreen.storyboard in Resources */ = {isa = PBXBuildFile; fileRef = FC3147142AB4B68100A27646 /* LaunchScreen.storyboard */; };
		FC3147432ABF199A00A27646 /* AbhyasiManager.swift in Sources */ = {isa = PBXBuildFile; fileRef = FC3147422ABF199A00A27646 /* AbhyasiManager.swift */; };
		FC3147472AC41B0200A27646 /* EmailOrMobileViewController.swift in Sources */ = {isa = PBXBuildFile; fileRef = FC3147462AC41B0200A27646 /* EmailOrMobileViewController.swift */; };
		FC3147492AC59E3700A27646 /* CheckInForm.swift in Sources */ = {isa = PBXBuildFile; fileRef = FC3147482AC59E3700A27646 /* CheckInForm.swift */; };
		FC3147532AC6099300A27646 /* FinalScreenViewController.swift in Sources */ = {isa = PBXBuildFile; fileRef = FC3147522AC6099300A27646 /* FinalScreenViewController.swift */; };
		FC3147552AC6DA3000A27646 /* Confetti.swift in Sources */ = {isa = PBXBuildFile; fileRef = FC3147542AC6DA3000A27646 /* Confetti.swift */; };
		FC69CCCA2B07CF8900CA1AC2 /* QRViewController.swift in Sources */ = {isa = PBXBuildFile; fileRef = FC69CCC92B07CF8900CA1AC2 /* QRViewController.swift */; };
		FCA7CFF22ACB07C9006C93E3 /* EntryViewController.swift in Sources */ = {isa = PBXBuildFile; fileRef = FCA7CFF12ACB07C9006C93E3 /* EntryViewController.swift */; };
		FCA7CFF72ACC597F006C93E3 /* TitleLabel.swift in Sources */ = {isa = PBXBuildFile; fileRef = FCA7CFF62ACC597F006C93E3 /* TitleLabel.swift */; };
		FCA7CFFF2ACDB4A5006C93E3 /* DormViewController.swift in Sources */ = {isa = PBXBuildFile; fileRef = FCA7CFFE2ACDB4A5006C93E3 /* DormViewController.swift */; };
		FCA7D0032AD7DFE0006C93E3 /* CheckinData.swift in Sources */ = {isa = PBXBuildFile; fileRef = FCA7D0022AD7DFE0006C93E3 /* CheckinData.swift */; };
		FCA7D0192ADC2767006C93E3 /* GoogleService-Info.plist in Resources */ = {isa = PBXBuildFile; fileRef = FCA7D0182ADC2767006C93E3 /* GoogleService-Info.plist */; };
		FCB639822AFFC2C3001B2502 /* ScannerViewController.swift in Sources */ = {isa = PBXBuildFile; fileRef = FCB639812AFFC2C3001B2502 /* ScannerViewController.swift */; };
/* End PBXBuildFile section */

/* Begin PBXFileReference section */
		353A11765E8D0669C2A586EE /* Pods_CheckIn.framework */ = {isa = PBXFileReference; explicitFileType = wrapper.framework; includeInIndex = 0; path = Pods_CheckIn.framework; sourceTree = BUILT_PRODUCTS_DIR; };
		6C03D7666D66E9A4ABD99B72 /* Pods-CheckIn.release.xcconfig */ = {isa = PBXFileReference; includeInIndex = 1; lastKnownFileType = text.xcconfig; name = "Pods-CheckIn.release.xcconfig"; path = "Target Support Files/Pods-CheckIn/Pods-CheckIn.release.xcconfig"; sourceTree = "<group>"; };
		97B4E1B04744AFD2E93525BB /* Pods-CheckIn.debug.xcconfig */ = {isa = PBXFileReference; includeInIndex = 1; lastKnownFileType = text.xcconfig; name = "Pods-CheckIn.debug.xcconfig"; path = "Target Support Files/Pods-CheckIn/Pods-CheckIn.debug.xcconfig"; sourceTree = "<group>"; };
		FC0E39902B0BFDD9003C88DA /* Abhyasi.swift */ = {isa = PBXFileReference; lastKnownFileType = sourcecode.swift; path = Abhyasi.swift; sourceTree = "<group>"; };
		FC3147062AB4B68100A27646 /* CheckIn.app */ = {isa = PBXFileReference; explicitFileType = wrapper.application; includeInIndex = 0; path = CheckIn.app; sourceTree = BUILT_PRODUCTS_DIR; };
		FC3147092AB4B68100A27646 /* AppDelegate.swift */ = {isa = PBXFileReference; lastKnownFileType = sourcecode.swift; path = AppDelegate.swift; sourceTree = "<group>"; };
		FC31470B2AB4B68100A27646 /* SceneDelegate.swift */ = {isa = PBXFileReference; lastKnownFileType = sourcecode.swift; path = SceneDelegate.swift; sourceTree = "<group>"; };
		FC3147102AB4B68100A27646 /* Base */ = {isa = PBXFileReference; lastKnownFileType = file.storyboard; name = Base; path = Base.lproj/Main.storyboard; sourceTree = "<group>"; };
		FC3147122AB4B68100A27646 /* Assets.xcassets */ = {isa = PBXFileReference; lastKnownFileType = folder.assetcatalog; path = Assets.xcassets; sourceTree = "<group>"; };
		FC3147152AB4B68100A27646 /* Base */ = {isa = PBXFileReference; lastKnownFileType = file.storyboard; name = Base; path = Base.lproj/LaunchScreen.storyboard; sourceTree = "<group>"; };
		FC3147172AB4B68100A27646 /* Info.plist */ = {isa = PBXFileReference; lastKnownFileType = text.plist.xml; path = Info.plist; sourceTree = "<group>"; };
		FC3147422ABF199A00A27646 /* AbhyasiManager.swift */ = {isa = PBXFileReference; lastKnownFileType = sourcecode.swift; path = AbhyasiManager.swift; sourceTree = "<group>"; };
		FC3147462AC41B0200A27646 /* EmailOrMobileViewController.swift */ = {isa = PBXFileReference; lastKnownFileType = sourcecode.swift; path = EmailOrMobileViewController.swift; sourceTree = "<group>"; };
		FC3147482AC59E3700A27646 /* CheckInForm.swift */ = {isa = PBXFileReference; lastKnownFileType = sourcecode.swift; path = CheckInForm.swift; sourceTree = "<group>"; };
		FC3147522AC6099300A27646 /* FinalScreenViewController.swift */ = {isa = PBXFileReference; lastKnownFileType = sourcecode.swift; path = FinalScreenViewController.swift; sourceTree = "<group>"; };
		FC3147542AC6DA3000A27646 /* Confetti.swift */ = {isa = PBXFileReference; lastKnownFileType = sourcecode.swift; path = Confetti.swift; sourceTree = "<group>"; };
		FC69CCC92B07CF8900CA1AC2 /* QRViewController.swift */ = {isa = PBXFileReference; lastKnownFileType = sourcecode.swift; path = QRViewController.swift; sourceTree = "<group>"; };
		FCA7CFF12ACB07C9006C93E3 /* EntryViewController.swift */ = {isa = PBXFileReference; lastKnownFileType = sourcecode.swift; path = EntryViewController.swift; sourceTree = "<group>"; };
		FCA7CFF62ACC597F006C93E3 /* TitleLabel.swift */ = {isa = PBXFileReference; lastKnownFileType = sourcecode.swift; path = TitleLabel.swift; sourceTree = "<group>"; };
		FCA7CFFE2ACDB4A5006C93E3 /* DormViewController.swift */ = {isa = PBXFileReference; fileEncoding = 4; lastKnownFileType = sourcecode.swift; path = DormViewController.swift; sourceTree = "<group>"; };
		FCA7D0022AD7DFE0006C93E3 /* CheckinData.swift */ = {isa = PBXFileReference; lastKnownFileType = sourcecode.swift; path = CheckinData.swift; sourceTree = "<group>"; };
		FCA7D0182ADC2767006C93E3 /* GoogleService-Info.plist */ = {isa = PBXFileReference; fileEncoding = 4; lastKnownFileType = text.plist.xml; path = "GoogleService-Info.plist"; sourceTree = "<group>"; };
		FCB639812AFFC2C3001B2502 /* ScannerViewController.swift */ = {isa = PBXFileReference; lastKnownFileType = sourcecode.swift; path = ScannerViewController.swift; sourceTree = "<group>"; };
/* End PBXFileReference section */

/* Begin PBXFrameworksBuildPhase section */
		FC3147032AB4B68100A27646 /* Frameworks */ = {
			isa = PBXFrameworksBuildPhase;
			buildActionMask = 2147483647;
			files = (
				7CA945DD65536D1CB1DE530F /* Pods_CheckIn.framework in Frameworks */,
			);
			runOnlyForDeploymentPostprocessing = 0;
		};
/* End PBXFrameworksBuildPhase section */

/* Begin PBXGroup section */
		571CC185333BB4AC49D82235 /* Pods */ = {
			isa = PBXGroup;
			children = (
				97B4E1B04744AFD2E93525BB /* Pods-CheckIn.debug.xcconfig */,
				6C03D7666D66E9A4ABD99B72 /* Pods-CheckIn.release.xcconfig */,
			);
			path = Pods;
			sourceTree = "<group>";
		};
		F9A49819631A3C0D416D0E55 /* Frameworks */ = {
			isa = PBXGroup;
			children = (
				353A11765E8D0669C2A586EE /* Pods_CheckIn.framework */,
			);
			name = Frameworks;
			sourceTree = "<group>";
		};
		FC3146FD2AB4B68100A27646 = {
			isa = PBXGroup;
			children = (
				FC3147082AB4B68100A27646 /* CheckIn */,
				FC3147072AB4B68100A27646 /* Products */,
				571CC185333BB4AC49D82235 /* Pods */,
				F9A49819631A3C0D416D0E55 /* Frameworks */,
			);
			sourceTree = "<group>";
		};
		FC3147072AB4B68100A27646 /* Products */ = {
			isa = PBXGroup;
			children = (
				FC3147062AB4B68100A27646 /* CheckIn.app */,
			);
			name = Products;
			sourceTree = "<group>";
		};
		FC3147082AB4B68100A27646 /* CheckIn */ = {
			isa = PBXGroup;
			children = (
				FCA7D0182ADC2767006C93E3 /* GoogleService-Info.plist */,
				FCA7CFF52ACC55A5006C93E3 /* Components */,
				FC31471D2AB82FA700A27646 /* Model */,
				FC31471E2AB82FB200A27646 /* View */,
				FC31471F2AB82FB900A27646 /* Controller */,
				FC3147092AB4B68100A27646 /* AppDelegate.swift */,
				FC31470B2AB4B68100A27646 /* SceneDelegate.swift */,
				FC3147122AB4B68100A27646 /* Assets.xcassets */,
				FC3147142AB4B68100A27646 /* LaunchScreen.storyboard */,
				FC3147172AB4B68100A27646 /* Info.plist */,
			);
			path = CheckIn;
			sourceTree = "<group>";
		};
		FC31471D2AB82FA700A27646 /* Model */ = {
			isa = PBXGroup;
			children = (
				FC3147422ABF199A00A27646 /* AbhyasiManager.swift */,
				FCA7D0022AD7DFE0006C93E3 /* CheckinData.swift */,
				FC0E39902B0BFDD9003C88DA /* Abhyasi.swift */,
			);
			path = Model;
			sourceTree = "<group>";
		};
		FC31471E2AB82FB200A27646 /* View */ = {
			isa = PBXGroup;
			children = (
				FC31470F2AB4B68100A27646 /* Main.storyboard */,
			);
			path = View;
			sourceTree = "<group>";
		};
		FC31471F2AB82FB900A27646 /* Controller */ = {
			isa = PBXGroup;
			children = (
				FCA7CFFE2ACDB4A5006C93E3 /* DormViewController.swift */,
				FC3147462AC41B0200A27646 /* EmailOrMobileViewController.swift */,
				FC3147522AC6099300A27646 /* FinalScreenViewController.swift */,
				FCA7CFF12ACB07C9006C93E3 /* EntryViewController.swift */,
				FCB639812AFFC2C3001B2502 /* ScannerViewController.swift */,
				FC69CCC92B07CF8900CA1AC2 /* QRViewController.swift */,
			);
			path = Controller;
			sourceTree = "<group>";
		};
		FCA7CFF52ACC55A5006C93E3 /* Components */ = {
			isa = PBXGroup;
			children = (
				FC3147482AC59E3700A27646 /* CheckInForm.swift */,
				FC3147542AC6DA3000A27646 /* Confetti.swift */,
				FCA7CFF62ACC597F006C93E3 /* TitleLabel.swift */,
			);
			path = Components;
			sourceTree = "<group>";
		};
/* End PBXGroup section */

/* Begin PBXNativeTarget section */
		FC3147052AB4B68100A27646 /* CheckIn */ = {
			isa = PBXNativeTarget;
			buildConfigurationList = FC31471A2AB4B68100A27646 /* Build configuration list for PBXNativeTarget "CheckIn" */;
			buildPhases = (
				EA34B142E8AE9F4CC70CB62F /* [CP] Check Pods Manifest.lock */,
				FC3147022AB4B68100A27646 /* Sources */,
				FC3147032AB4B68100A27646 /* Frameworks */,
				FC3147042AB4B68100A27646 /* Resources */,
				4B350D9B9B4C85FFC40EF814 /* [CP] Embed Pods Frameworks */,
			);
			buildRules = (
			);
			dependencies = (
			);
			name = CheckIn;
			productName = CheckIn;
			productReference = FC3147062AB4B68100A27646 /* CheckIn.app */;
			productType = "com.apple.product-type.application";
		};
/* End PBXNativeTarget section */

/* Begin PBXProject section */
		FC3146FE2AB4B68100A27646 /* Project object */ = {
			isa = PBXProject;
			attributes = {
				BuildIndependentTargetsInParallel = 1;
				LastSwiftUpdateCheck = 1430;
				LastUpgradeCheck = 1430;
				TargetAttributes = {
					FC3147052AB4B68100A27646 = {
						CreatedOnToolsVersion = 14.3.1;
					};
				};
			};
			buildConfigurationList = FC3147012AB4B68100A27646 /* Build configuration list for PBXProject "CheckIn" */;
			compatibilityVersion = "Xcode 14.0";
			developmentRegion = en;
			hasScannedForEncodings = 0;
			knownRegions = (
				en,
				Base,
			);
			mainGroup = FC3146FD2AB4B68100A27646;
			productRefGroup = FC3147072AB4B68100A27646 /* Products */;
			projectDirPath = "";
			projectRoot = "";
			targets = (
				FC3147052AB4B68100A27646 /* CheckIn */,
			);
		};
/* End PBXProject section */

/* Begin PBXResourcesBuildPhase section */
		FC3147042AB4B68100A27646 /* Resources */ = {
			isa = PBXResourcesBuildPhase;
			buildActionMask = 2147483647;
			files = (
				FC3147162AB4B68100A27646 /* LaunchScreen.storyboard in Resources */,
				FCA7D0192ADC2767006C93E3 /* GoogleService-Info.plist in Resources */,
				FC3147132AB4B68100A27646 /* Assets.xcassets in Resources */,
				FC3147112AB4B68100A27646 /* Main.storyboard in Resources */,
			);
			runOnlyForDeploymentPostprocessing = 0;
		};
/* End PBXResourcesBuildPhase section */

/* Begin PBXShellScriptBuildPhase section */
		4B350D9B9B4C85FFC40EF814 /* [CP] Embed Pods Frameworks */ = {
			isa = PBXShellScriptBuildPhase;
			buildActionMask = 2147483647;
			files = (
			);
			inputFileListPaths = (
				"${PODS_ROOT}/Target Support Files/Pods-CheckIn/Pods-CheckIn-frameworks-${CONFIGURATION}-input-files.xcfilelist",
			);
			name = "[CP] Embed Pods Frameworks";
			outputFileListPaths = (
				"${PODS_ROOT}/Target Support Files/Pods-CheckIn/Pods-CheckIn-frameworks-${CONFIGURATION}-output-files.xcfilelist",
			);
			runOnlyForDeploymentPostprocessing = 0;
			shellPath = /bin/sh;
			shellScript = "\"${PODS_ROOT}/Target Support Files/Pods-CheckIn/Pods-CheckIn-frameworks.sh\"\n";
			showEnvVarsInLog = 0;
		};
		EA34B142E8AE9F4CC70CB62F /* [CP] Check Pods Manifest.lock */ = {
			isa = PBXShellScriptBuildPhase;
			buildActionMask = 2147483647;
			files = (
			);
			inputFileListPaths = (
			);
			inputPaths = (
				"${PODS_PODFILE_DIR_PATH}/Podfile.lock",
				"${PODS_ROOT}/Manifest.lock",
			);
			name = "[CP] Check Pods Manifest.lock";
			outputFileListPaths = (
			);
			outputPaths = (
				"$(DERIVED_FILE_DIR)/Pods-CheckIn-checkManifestLockResult.txt",
			);
			runOnlyForDeploymentPostprocessing = 0;
			shellPath = /bin/sh;
			shellScript = "diff \"${PODS_PODFILE_DIR_PATH}/Podfile.lock\" \"${PODS_ROOT}/Manifest.lock\" > /dev/null\nif [ $? != 0 ] ; then\n    # print error to STDERR\n    echo \"error: The sandbox is not in sync with the Podfile.lock. Run 'pod install' or update your CocoaPods installation.\" >&2\n    exit 1\nfi\n# This output is used by Xcode 'outputs' to avoid re-running this script phase.\necho \"SUCCESS\" > \"${SCRIPT_OUTPUT_FILE_0}\"\n";
			showEnvVarsInLog = 0;
		};
/* End PBXShellScriptBuildPhase section */

/* Begin PBXSourcesBuildPhase section */
		FC3147022AB4B68100A27646 /* Sources */ = {
			isa = PBXSourcesBuildPhase;
			buildActionMask = 2147483647;
			files = (
				FCA7CFFF2ACDB4A5006C93E3 /* DormViewController.swift in Sources */,
				FCA7CFF22ACB07C9006C93E3 /* EntryViewController.swift in Sources */,
				FC3147432ABF199A00A27646 /* AbhyasiManager.swift in Sources */,
				FC31470A2AB4B68100A27646 /* AppDelegate.swift in Sources */,
				FC3147532AC6099300A27646 /* FinalScreenViewController.swift in Sources */,
				FCA7D0032AD7DFE0006C93E3 /* CheckinData.swift in Sources */,
				FC3147552AC6DA3000A27646 /* Confetti.swift in Sources */,
				FCB639822AFFC2C3001B2502 /* ScannerViewController.swift in Sources */,
				FC3147472AC41B0200A27646 /* EmailOrMobileViewController.swift in Sources */,
				FCA7CFF72ACC597F006C93E3 /* TitleLabel.swift in Sources */,
				FC69CCCA2B07CF8900CA1AC2 /* QRViewController.swift in Sources */,
				FC0E39912B0BFDD9003C88DA /* Abhyasi.swift in Sources */,
				FC31470C2AB4B68100A27646 /* SceneDelegate.swift in Sources */,
				FC3147492AC59E3700A27646 /* CheckInForm.swift in Sources */,
			);
			runOnlyForDeploymentPostprocessing = 0;
		};
/* End PBXSourcesBuildPhase section */

/* Begin PBXVariantGroup section */
		FC31470F2AB4B68100A27646 /* Main.storyboard */ = {
			isa = PBXVariantGroup;
			children = (
				FC3147102AB4B68100A27646 /* Base */,
			);
			name = Main.storyboard;
			sourceTree = "<group>";
		};
		FC3147142AB4B68100A27646 /* LaunchScreen.storyboard */ = {
			isa = PBXVariantGroup;
			children = (
				FC3147152AB4B68100A27646 /* Base */,
			);
			name = LaunchScreen.storyboard;
			sourceTree = "<group>";
		};
/* End PBXVariantGroup section */

/* Begin XCBuildConfiguration section */
		FC3147182AB4B68100A27646 /* Debug */ = {
			isa = XCBuildConfiguration;
			buildSettings = {
				ALWAYS_SEARCH_USER_PATHS = NO;
				CLANG_ANALYZER_NONNULL = YES;
				CLANG_ANALYZER_NUMBER_OBJECT_CONVERSION = YES_AGGRESSIVE;
				CLANG_CXX_LANGUAGE_STANDARD = "gnu++20";
				CLANG_ENABLE_MODULES = YES;
				CLANG_ENABLE_OBJC_ARC = YES;
				CLANG_ENABLE_OBJC_WEAK = YES;
				CLANG_WARN_BLOCK_CAPTURE_AUTORELEASING = YES;
				CLANG_WARN_BOOL_CONVERSION = YES;
				CLANG_WARN_COMMA = YES;
				CLANG_WARN_CONSTANT_CONVERSION = YES;
				CLANG_WARN_DEPRECATED_OBJC_IMPLEMENTATIONS = YES;
				CLANG_WARN_DIRECT_OBJC_ISA_USAGE = YES_ERROR;
				CLANG_WARN_DOCUMENTATION_COMMENTS = YES;
				CLANG_WARN_EMPTY_BODY = YES;
				CLANG_WARN_ENUM_CONVERSION = YES;
				CLANG_WARN_INFINITE_RECURSION = YES;
				CLANG_WARN_INT_CONVERSION = YES;
				CLANG_WARN_NON_LITERAL_NULL_CONVERSION = YES;
				CLANG_WARN_OBJC_IMPLICIT_RETAIN_SELF = YES;
				CLANG_WARN_OBJC_LITERAL_CONVERSION = YES;
				CLANG_WARN_OBJC_ROOT_CLASS = YES_ERROR;
				CLANG_WARN_QUOTED_INCLUDE_IN_FRAMEWORK_HEADER = YES;
				CLANG_WARN_RANGE_LOOP_ANALYSIS = YES;
				CLANG_WARN_STRICT_PROTOTYPES = YES;
				CLANG_WARN_SUSPICIOUS_MOVE = YES;
				CLANG_WARN_UNGUARDED_AVAILABILITY = YES_AGGRESSIVE;
				CLANG_WARN_UNREACHABLE_CODE = YES;
				CLANG_WARN__DUPLICATE_METHOD_MATCH = YES;
				COPY_PHASE_STRIP = NO;
				DEBUG_INFORMATION_FORMAT = dwarf;
				ENABLE_STRICT_OBJC_MSGSEND = YES;
				ENABLE_TESTABILITY = YES;
				GCC_C_LANGUAGE_STANDARD = gnu11;
				GCC_DYNAMIC_NO_PIC = NO;
				GCC_NO_COMMON_BLOCKS = YES;
				GCC_OPTIMIZATION_LEVEL = 0;
				GCC_PREPROCESSOR_DEFINITIONS = (
					"DEBUG=1",
					"$(inherited)",
				);
				GCC_WARN_64_TO_32_BIT_CONVERSION = YES;
				GCC_WARN_ABOUT_RETURN_TYPE = YES_ERROR;
				GCC_WARN_UNDECLARED_SELECTOR = YES;
				GCC_WARN_UNINITIALIZED_AUTOS = YES_AGGRESSIVE;
				GCC_WARN_UNUSED_FUNCTION = YES;
				GCC_WARN_UNUSED_VARIABLE = YES;
				IPHONEOS_DEPLOYMENT_TARGET = 16.4;
				MTL_ENABLE_DEBUG_INFO = INCLUDE_SOURCE;
				MTL_FAST_MATH = YES;
				ONLY_ACTIVE_ARCH = YES;
				SDKROOT = iphoneos;
				SWIFT_ACTIVE_COMPILATION_CONDITIONS = DEBUG;
				SWIFT_OPTIMIZATION_LEVEL = "-Onone";
			};
			name = Debug;
		};
		FC3147192AB4B68100A27646 /* Release */ = {
			isa = XCBuildConfiguration;
			buildSettings = {
				ALWAYS_SEARCH_USER_PATHS = NO;
				CLANG_ANALYZER_NONNULL = YES;
				CLANG_ANALYZER_NUMBER_OBJECT_CONVERSION = YES_AGGRESSIVE;
				CLANG_CXX_LANGUAGE_STANDARD = "gnu++20";
				CLANG_ENABLE_MODULES = YES;
				CLANG_ENABLE_OBJC_ARC = YES;
				CLANG_ENABLE_OBJC_WEAK = YES;
				CLANG_WARN_BLOCK_CAPTURE_AUTORELEASING = YES;
				CLANG_WARN_BOOL_CONVERSION = YES;
				CLANG_WARN_COMMA = YES;
				CLANG_WARN_CONSTANT_CONVERSION = YES;
				CLANG_WARN_DEPRECATED_OBJC_IMPLEMENTATIONS = YES;
				CLANG_WARN_DIRECT_OBJC_ISA_USAGE = YES_ERROR;
				CLANG_WARN_DOCUMENTATION_COMMENTS = YES;
				CLANG_WARN_EMPTY_BODY = YES;
				CLANG_WARN_ENUM_CONVERSION = YES;
				CLANG_WARN_INFINITE_RECURSION = YES;
				CLANG_WARN_INT_CONVERSION = YES;
				CLANG_WARN_NON_LITERAL_NULL_CONVERSION = YES;
				CLANG_WARN_OBJC_IMPLICIT_RETAIN_SELF = YES;
				CLANG_WARN_OBJC_LITERAL_CONVERSION = YES;
				CLANG_WARN_OBJC_ROOT_CLASS = YES_ERROR;
				CLANG_WARN_QUOTED_INCLUDE_IN_FRAMEWORK_HEADER = YES;
				CLANG_WARN_RANGE_LOOP_ANALYSIS = YES;
				CLANG_WARN_STRICT_PROTOTYPES = YES;
				CLANG_WARN_SUSPICIOUS_MOVE = YES;
				CLANG_WARN_UNGUARDED_AVAILABILITY = YES_AGGRESSIVE;
				CLANG_WARN_UNREACHABLE_CODE = YES;
				CLANG_WARN__DUPLICATE_METHOD_MATCH = YES;
				COPY_PHASE_STRIP = NO;
				DEBUG_INFORMATION_FORMAT = "dwarf-with-dsym";
				ENABLE_NS_ASSERTIONS = NO;
				ENABLE_STRICT_OBJC_MSGSEND = YES;
				GCC_C_LANGUAGE_STANDARD = gnu11;
				GCC_NO_COMMON_BLOCKS = YES;
				GCC_WARN_64_TO_32_BIT_CONVERSION = YES;
				GCC_WARN_ABOUT_RETURN_TYPE = YES_ERROR;
				GCC_WARN_UNDECLARED_SELECTOR = YES;
				GCC_WARN_UNINITIALIZED_AUTOS = YES_AGGRESSIVE;
				GCC_WARN_UNUSED_FUNCTION = YES;
				GCC_WARN_UNUSED_VARIABLE = YES;
				IPHONEOS_DEPLOYMENT_TARGET = 16.4;
				MTL_ENABLE_DEBUG_INFO = NO;
				MTL_FAST_MATH = YES;
				SDKROOT = iphoneos;
				SWIFT_COMPILATION_MODE = wholemodule;
				SWIFT_OPTIMIZATION_LEVEL = "-O";
				VALIDATE_PRODUCT = YES;
			};
			name = Release;
		};
		FC31471B2AB4B68100A27646 /* Debug */ = {
			isa = XCBuildConfiguration;
			baseConfigurationReference = 97B4E1B04744AFD2E93525BB /* Pods-CheckIn.debug.xcconfig */;
			buildSettings = {
				ASSETCATALOG_COMPILER_APPICON_NAME = AppIcon;
				ASSETCATALOG_COMPILER_GLOBAL_ACCENT_COLOR_NAME = AccentColor;
				CODE_SIGN_STYLE = Automatic;
				CURRENT_PROJECT_VERSION = 1;
				DEVELOPMENT_TEAM = 6WMUF23BB8;
				GENERATE_INFOPLIST_FILE = YES;
				INFOPLIST_FILE = CheckIn/Info.plist;
				INFOPLIST_KEY_UIApplicationSupportsIndirectInputEvents = YES;
				INFOPLIST_KEY_UILaunchStoryboardName = LaunchScreen;
				INFOPLIST_KEY_UIMainStoryboardFile = Main;
				INFOPLIST_KEY_UISupportedInterfaceOrientations_iPad = "UIInterfaceOrientationPortrait UIInterfaceOrientationPortraitUpsideDown UIInterfaceOrientationLandscapeLeft UIInterfaceOrientationLandscapeRight";
				INFOPLIST_KEY_UISupportedInterfaceOrientations_iPhone = "UIInterfaceOrientationPortrait UIInterfaceOrientationLandscapeLeft UIInterfaceOrientationLandscapeRight";
				IPHONEOS_DEPLOYMENT_TARGET = 13.0;
				LD_RUNPATH_SEARCH_PATHS = (
					"$(inherited)",
					"@executable_path/Frameworks",
				);
				MARKETING_VERSION = 1.0;
				PRODUCT_BUNDLE_IDENTIFIER = com.hfn.checkin;
				PRODUCT_NAME = "$(TARGET_NAME)";
				SWIFT_EMIT_LOC_STRINGS = YES;
				SWIFT_VERSION = 5.0;
				TARGETED_DEVICE_FAMILY = "1,2";
			};
			name = Debug;
		};
		FC31471C2AB4B68100A27646 /* Release */ = {
			isa = XCBuildConfiguration;
			baseConfigurationReference = 6C03D7666D66E9A4ABD99B72 /* Pods-CheckIn.release.xcconfig */;
			buildSettings = {
				ASSETCATALOG_COMPILER_APPICON_NAME = AppIcon;
				ASSETCATALOG_COMPILER_GLOBAL_ACCENT_COLOR_NAME = AccentColor;
				CODE_SIGN_STYLE = Automatic;
				CURRENT_PROJECT_VERSION = 1;
				DEVELOPMENT_TEAM = 6WMUF23BB8;
				GENERATE_INFOPLIST_FILE = YES;
				INFOPLIST_FILE = CheckIn/Info.plist;
				INFOPLIST_KEY_UIApplicationSupportsIndirectInputEvents = YES;
				INFOPLIST_KEY_UILaunchStoryboardName = LaunchScreen;
				INFOPLIST_KEY_UIMainStoryboardFile = Main;
				INFOPLIST_KEY_UISupportedInterfaceOrientations_iPad = "UIInterfaceOrientationPortrait UIInterfaceOrientationPortraitUpsideDown UIInterfaceOrientationLandscapeLeft UIInterfaceOrientationLandscapeRight";
				INFOPLIST_KEY_UISupportedInterfaceOrientations_iPhone = "UIInterfaceOrientationPortrait UIInterfaceOrientationLandscapeLeft UIInterfaceOrientationLandscapeRight";
				IPHONEOS_DEPLOYMENT_TARGET = 13.0;
				LD_RUNPATH_SEARCH_PATHS = (
					"$(inherited)",
					"@executable_path/Frameworks",
				);
				MARKETING_VERSION = 1.0;
				ONLY_ACTIVE_ARCH = YES;
				PRODUCT_BUNDLE_IDENTIFIER = com.hfn.checkin;
				PRODUCT_NAME = "$(TARGET_NAME)";
				SWIFT_EMIT_LOC_STRINGS = YES;
				SWIFT_VERSION = 5.0;
				TARGETED_DEVICE_FAMILY = "1,2";
			};
			name = Release;
		};
/* End XCBuildConfiguration section */

/* Begin XCConfigurationList section */
		FC3147012AB4B68100A27646 /* Build configuration list for PBXProject "CheckIn" */ = {
			isa = XCConfigurationList;
			buildConfigurations = (
				FC3147182AB4B68100A27646 /* Debug */,
				FC3147192AB4B68100A27646 /* Release */,
			);
			defaultConfigurationIsVisible = 0;
			defaultConfigurationName = Release;
		};
		FC31471A2AB4B68100A27646 /* Build configuration list for PBXNativeTarget "CheckIn" */ = {
			isa = XCConfigurationList;
			buildConfigurations = (
				FC31471B2AB4B68100A27646 /* Debug */,
				FC31471C2AB4B68100A27646 /* Release */,
			);
			defaultConfigurationIsVisible = 0;
			defaultConfigurationName = Release;
		};
/* End XCConfigurationList section */
	};
	rootObject = FC3146FE2AB4B68100A27646 /* Project object */;
}
